
Microsoft Visual Studio Solution File, Format Version 12.00
# Visual Studio Version 16
VisualStudioVersion = 16.0.30907.101
MinimumVisualStudioVersion = 10.0.40219.1
Project("{FAE04EC0-301F-11D3-BF4B-00C04F79EFBC}") = "ObjDetectV01", "ObjDetectV01\ObjDetectV01.csproj", "{38350EB2-4D2B-4C96-947A-082E77DDA572}"
EndProject
Project("{FAE04EC0-301F-11D3-BF4B-00C04F79EFBC}") = "ObjDetectV02", "ObjDetectV02\ObjDetectV02.csproj", "{5239F793-A3E7-4D68-8D49-C9F4BD13E6FB}"
EndProject
Project("{FAE04EC0-301F-11D3-BF4B-00C04F79EFBC}") = "ObjDetectV03", "ObjDetectV03\ObjDetectV03.csproj", "{76CAD189-A6D3-49FA-9616-39E25D9272FB}"
EndProject
Project("{FAE04EC0-301F-11D3-BF4B-00C04F79EFBC}") = "ObjDetectAutomatedTest", "ObjDetectAutomatedTest\ObjDetectAutomatedTest.csproj", "{A75DEF00-EA02-4D37-BD32-E19EC4DCAE96}"
EndProject
Global
	GlobalSection(SolutionConfigurationPlatforms) = preSolution
		Debug|x64 = Debug|x64
		Release|x64 = Release|x64
	EndGlobalSection
	GlobalSection(ProjectConfigurationPlatforms) = postSolution
		{38350EB2-4D2B-4C96-947A-082E77DDA572}.Debug|x64.ActiveCfg = Debug|x64
		{38350EB2-4D2B-4C96-947A-082E77DDA572}.Debug|x64.Build.0 = Debug|x64
		{38350EB2-4D2B-4C96-947A-082E77DDA572}.Release|x64.ActiveCfg = Release|Any CPU
		{38350EB2-4D2B-4C96-947A-082E77DDA572}.Release|x64.Build.0 = Release|Any CPU
		{5239F793-A3E7-4D68-8D49-C9F4BD13E6FB}.Debug|x64.ActiveCfg = Debug|x64
		{5239F793-A3E7-4D68-8D49-C9F4BD13E6FB}.Debug|x64.Build.0 = Debug|x64
		{5239F793-A3E7-4D68-8D49-C9F4BD13E6FB}.Release|x64.ActiveCfg = Release|Any CPU
		{5239F793-A3E7-4D68-8D49-C9F4BD13E6FB}.Release|x64.Build.0 = Release|Any CPU
		{76CAD189-A6D3-49FA-9616-39E25D9272FB}.Debug|x64.ActiveCfg = Debug|x64
		{76CAD189-A6D3-49FA-9616-39E25D9272FB}.Debug|x64.Build.0 = Debug|x64
		{76CAD189-A6D3-49FA-9616-39E25D9272FB}.Release|x64.ActiveCfg = Release|Any CPU
		{76CAD189-A6D3-49FA-9616-39E25D9272FB}.Release|x64.Build.0 = Release|Any CPU
		{A75DEF00-EA02-4D37-BD32-E19EC4DCAE96}.Debug|x64.ActiveCfg = Debug|x64
		{A75DEF00-EA02-4D37-BD32-E19EC4DCAE96}.Debug|x64.Build.0 = Debug|x64
		{A75DEF00-EA02-4D37-BD32-E19EC4DCAE96}.Release|x64.ActiveCfg = Release|Any CPU
		{A75DEF00-EA02-4D37-BD32-E19EC4DCAE96}.Release|x64.Build.0 = Release|Any CPU
	EndGlobalSection
	GlobalSection(SolutionProperties) = preSolution
		HideSolutionNode = FALSE
	EndGlobalSection
	GlobalSection(ExtensibilityGlobals) = postSolution
		SolutionGuid = {2A34DB08-AD79-41BB-8F83-F3A7B9E0BB8E}
	EndGlobalSection
EndGlobal
